
Microsoft Visual Studio Solution File, Format Version 12.00
# Visual Studio 14
VisualStudioVersion = 14.0.25420.1
MinimumVisualStudioVersion = 10.0.40219.1
Project("{FAE04EC0-301F-11D3-BF4B-00C04F79EFBC}") = "WorkoutTracker2", "WorkoutTracker2\WorkoutTracker2.csproj", "{4B27143B-15D9-457D-B845-94F605FC7A1C}"
EndProject
Project("{FAE04EC0-301F-11D3-BF4B-00C04F79EFBC}") = "WorkoutTracker2.Tests", "WorkoutTracker2.Tests\WorkoutTracker2.Tests.csproj", "{826D37F1-0DEC-43AD-BF77-2E28FCD9945E}"
EndProject
Global
	GlobalSection(SolutionConfigurationPlatforms) = preSolution
		Debug|Any CPU = Debug|Any CPU
		Release|Any CPU = Release|Any CPU
	EndGlobalSection
	GlobalSection(ProjectConfigurationPlatforms) = postSolution
		{4B27143B-15D9-457D-B845-94F605FC7A1C}.Debug|Any CPU.ActiveCfg = Debug|Any CPU
		{4B27143B-15D9-457D-B845-94F605FC7A1C}.Debug|Any CPU.Build.0 = Debug|Any CPU
		{4B27143B-15D9-457D-B845-94F605FC7A1C}.Release|Any CPU.ActiveCfg = Release|Any CPU
		{4B27143B-15D9-457D-B845-94F605FC7A1C}.Release|Any CPU.Build.0 = Release|Any CPU
		{826D37F1-0DEC-43AD-BF77-2E28FCD9945E}.Debug|Any CPU.ActiveCfg = Debug|Any CPU
		{826D37F1-0DEC-43AD-BF77-2E28FCD9945E}.Debug|Any CPU.Build.0 = Debug|Any CPU
		{826D37F1-0DEC-43AD-BF77-2E28FCD9945E}.Release|Any CPU.ActiveCfg = Release|Any CPU
		{826D37F1-0DEC-43AD-BF77-2E28FCD9945E}.Release|Any CPU.Build.0 = Release|Any CPU
	EndGlobalSection
	GlobalSection(SolutionProperties) = preSolution
		HideSolutionNode = FALSE
	EndGlobalSection
EndGlobal
