
Microsoft Visual Studio Solution File, Format Version 12.00
# Visual Studio 14
VisualStudioVersion = 14.0.25420.1
MinimumVisualStudioVersion = 10.0.40219.1
Project("{FAE04EC0-301F-11D3-BF4B-00C04F79EFBC}") = "SPA1", "SPA1\SPA1.csproj", "{905834D5-C52F-4F77-A4B9-FC8A33F1DD6B}"
EndProject
Project("{FAE04EC0-301F-11D3-BF4B-00C04F79EFBC}") = "SPA1.Tests", "SPA1.Tests\SPA1.Tests.csproj", "{27704CB3-F661-47DF-8D82-AB36CA22E87E}"
EndProject
Project("{FAE04EC0-301F-11D3-BF4B-00C04F79EFBC}") = "WorkoutTracker2", "..\WorkoutTracker2\WorkoutTracker2\WorkoutTracker2.csproj", "{4B27143B-15D9-457D-B845-94F605FC7A1C}"
EndProject
Global
	GlobalSection(SolutionConfigurationPlatforms) = preSolution
		Debug|Any CPU = Debug|Any CPU
		Release|Any CPU = Release|Any CPU
	EndGlobalSection
	GlobalSection(ProjectConfigurationPlatforms) = postSolution
		{905834D5-C52F-4F77-A4B9-FC8A33F1DD6B}.Debug|Any CPU.ActiveCfg = Debug|Any CPU
		{905834D5-C52F-4F77-A4B9-FC8A33F1DD6B}.Debug|Any CPU.Build.0 = Debug|Any CPU
		{905834D5-C52F-4F77-A4B9-FC8A33F1DD6B}.Release|Any CPU.ActiveCfg = Release|Any CPU
		{905834D5-C52F-4F77-A4B9-FC8A33F1DD6B}.Release|Any CPU.Build.0 = Release|Any CPU
		{27704CB3-F661-47DF-8D82-AB36CA22E87E}.Debug|Any CPU.ActiveCfg = Debug|Any CPU
		{27704CB3-F661-47DF-8D82-AB36CA22E87E}.Debug|Any CPU.Build.0 = Debug|Any CPU
		{27704CB3-F661-47DF-8D82-AB36CA22E87E}.Release|Any CPU.ActiveCfg = Release|Any CPU
		{27704CB3-F661-47DF-8D82-AB36CA22E87E}.Release|Any CPU.Build.0 = Release|Any CPU
		{4B27143B-15D9-457D-B845-94F605FC7A1C}.Debug|Any CPU.ActiveCfg = Debug|Any CPU
		{4B27143B-15D9-457D-B845-94F605FC7A1C}.Debug|Any CPU.Build.0 = Debug|Any CPU
		{4B27143B-15D9-457D-B845-94F605FC7A1C}.Release|Any CPU.ActiveCfg = Release|Any CPU
		{4B27143B-15D9-457D-B845-94F605FC7A1C}.Release|Any CPU.Build.0 = Release|Any CPU
	EndGlobalSection
	GlobalSection(SolutionProperties) = preSolution
		HideSolutionNode = FALSE
	EndGlobalSection
EndGlobal
